// !$*UTF8*$!
{
	archiveVersion = 1;
	classes = {
	};
	objectVersion = 56;
	objects = {

/* Begin PBXBuildFile section */
		56BA67942CD5E7F800C4D42F /* AppDelegate.swift in Sources */ = {isa = PBXBuildFile; fileRef = 56BA67932CD5E7F800C4D42F /* AppDelegate.swift */; };
		56BA67962CD5E7F800C4D42F /* SceneDelegate.swift in Sources */ = {isa = PBXBuildFile; fileRef = 56BA67952CD5E7F800C4D42F /* SceneDelegate.swift */; };
		56BA67982CD5E7F800C4D42F /* ViewController.swift in Sources */ = {isa = PBXBuildFile; fileRef = 56BA67972CD5E7F800C4D42F /* ViewController.swift */; };
		56BA679D2CD5E7F900C4D42F /* Assets.xcassets in Resources */ = {isa = PBXBuildFile; fileRef = 56BA679C2CD5E7F900C4D42F /* Assets.xcassets */; };
		56BA67A02CD5E7F900C4D42F /* Base in Resources */ = {isa = PBXBuildFile; fileRef = 56BA679F2CD5E7F900C4D42F /* Base */; };
		56BA67AB2CD5E93500C4D42F /* DashboardForFinancial.swift in Sources */ = {isa = PBXBuildFile; fileRef = 56BA67A92CD5E93500C4D42F /* DashboardForFinancial.swift */; };
		56BA67AC2CD5E93500C4D42F /* DashboardForFinancial.xib in Resources */ = {isa = PBXBuildFile; fileRef = 56BA67AA2CD5E93500C4D42F /* DashboardForFinancial.xib */; };
		56BA67AF2CD5F74200C4D42F /* CircularView.swift in Sources */ = {isa = PBXBuildFile; fileRef = 56BA67AE2CD5F74200C4D42F /* CircularView.swift */; };
		56BA67B12CD5F8EE00C4D42F /* UIView+Addition.swift in Sources */ = {isa = PBXBuildFile; fileRef = 56BA67B02CD5F8EE00C4D42F /* UIView+Addition.swift */; };
		56BA67B42CD65A2B00C4D42F /* CircularButton.swift in Sources */ = {isa = PBXBuildFile; fileRef = 56BA67B32CD65A2B00C4D42F /* CircularButton.swift */; };
		56BA67B62CD65E5400C4D42F /* BorderedButton.swift in Sources */ = {isa = PBXBuildFile; fileRef = 56BA67B52CD65E5400C4D42F /* BorderedButton.swift */; };
		56BA67B82CD65E7B00C4D42F /* UIViewCornerRadius.swift in Sources */ = {isa = PBXBuildFile; fileRef = 56BA67B72CD65E7B00C4D42F /* UIViewCornerRadius.swift */; };
		56BA67BA2CD66BD400C4D42F /* UIViewController+Addition.swift in Sources */ = {isa = PBXBuildFile; fileRef = 56BA67B92CD66BD400C4D42F /* UIViewController+Addition.swift */; };
		56BA67BE2CD670DB00C4D42F /* CustomNavigationView.swift in Sources */ = {isa = PBXBuildFile; fileRef = 56BA67BB2CD670DB00C4D42F /* CustomNavigationView.swift */; };
		56BA67BF2CD670DB00C4D42F /* CustomNavigationView.xib in Resources */ = {isa = PBXBuildFile; fileRef = 56BA67BC2CD670DB00C4D42F /* CustomNavigationView.xib */; };
		56C30B992CD7110D004AC563 /* FinancialCell.swift in Sources */ = {isa = PBXBuildFile; fileRef = 56C30B982CD7110D004AC563 /* FinancialCell.swift */; };
		56C30B9B2CD8976C004AC563 /* CircularImageView.swift in Sources */ = {isa = PBXBuildFile; fileRef = 56C30B9A2CD8976C004AC563 /* CircularImageView.swift */; };
/* End PBXBuildFile section */

/* Begin PBXFileReference section */
		56BA67902CD5E7F800C4D42F /* UIDesigns.app */ = {isa = PBXFileReference; explicitFileType = wrapper.application; includeInIndex = 0; path = UIDesigns.app; sourceTree = BUILT_PRODUCTS_DIR; };
		56BA67932CD5E7F800C4D42F /* AppDelegate.swift */ = {isa = PBXFileReference; lastKnownFileType = sourcecode.swift; path = AppDelegate.swift; sourceTree = "<group>"; };
		56BA67952CD5E7F800C4D42F /* SceneDelegate.swift */ = {isa = PBXFileReference; lastKnownFileType = sourcecode.swift; path = SceneDelegate.swift; sourceTree = "<group>"; };
		56BA67972CD5E7F800C4D42F /* ViewController.swift */ = {isa = PBXFileReference; lastKnownFileType = sourcecode.swift; path = ViewController.swift; sourceTree = "<group>"; };
		56BA679C2CD5E7F900C4D42F /* Assets.xcassets */ = {isa = PBXFileReference; lastKnownFileType = folder.assetcatalog; path = Assets.xcassets; sourceTree = "<group>"; };
		56BA679F2CD5E7F900C4D42F /* Base */ = {isa = PBXFileReference; lastKnownFileType = file.storyboard; name = Base; path = Base.lproj/LaunchScreen.storyboard; sourceTree = "<group>"; };
		56BA67A12CD5E7F900C4D42F /* Info.plist */ = {isa = PBXFileReference; lastKnownFileType = text.plist.xml; path = Info.plist; sourceTree = "<group>"; };
		56BA67A92CD5E93500C4D42F /* DashboardForFinancial.swift */ = {isa = PBXFileReference; lastKnownFileType = sourcecode.swift; path = DashboardForFinancial.swift; sourceTree = "<group>"; };
		56BA67AA2CD5E93500C4D42F /* DashboardForFinancial.xib */ = {isa = PBXFileReference; lastKnownFileType = file.xib; path = DashboardForFinancial.xib; sourceTree = "<group>"; };
		56BA67AE2CD5F74200C4D42F /* CircularView.swift */ = {isa = PBXFileReference; lastKnownFileType = sourcecode.swift; path = CircularView.swift; sourceTree = "<group>"; };
		56BA67B02CD5F8EE00C4D42F /* UIView+Addition.swift */ = {isa = PBXFileReference; lastKnownFileType = sourcecode.swift; path = "UIView+Addition.swift"; sourceTree = "<group>"; };
		56BA67B32CD65A2B00C4D42F /* CircularButton.swift */ = {isa = PBXFileReference; lastKnownFileType = sourcecode.swift; path = CircularButton.swift; sourceTree = "<group>"; };
		56BA67B52CD65E5400C4D42F /* BorderedButton.swift */ = {isa = PBXFileReference; lastKnownFileType = sourcecode.swift; path = BorderedButton.swift; sourceTree = "<group>"; };
		56BA67B72CD65E7B00C4D42F /* UIViewCornerRadius.swift */ = {isa = PBXFileReference; lastKnownFileType = sourcecode.swift; path = UIViewCornerRadius.swift; sourceTree = "<group>"; };
		56BA67B92CD66BD400C4D42F /* UIViewController+Addition.swift */ = {isa = PBXFileReference; lastKnownFileType = sourcecode.swift; path = "UIViewController+Addition.swift"; sourceTree = "<group>"; };
		56BA67BB2CD670DB00C4D42F /* CustomNavigationView.swift */ = {isa = PBXFileReference; fileEncoding = 4; lastKnownFileType = sourcecode.swift; path = CustomNavigationView.swift; sourceTree = "<group>"; };
		56BA67BC2CD670DB00C4D42F /* CustomNavigationView.xib */ = {isa = PBXFileReference; fileEncoding = 4; lastKnownFileType = file.xib; path = CustomNavigationView.xib; sourceTree = "<group>"; };
		56C30B982CD7110D004AC563 /* FinancialCell.swift */ = {isa = PBXFileReference; lastKnownFileType = sourcecode.swift; path = FinancialCell.swift; sourceTree = "<group>"; };
		56C30B9A2CD8976C004AC563 /* CircularImageView.swift */ = {isa = PBXFileReference; lastKnownFileType = sourcecode.swift; path = CircularImageView.swift; sourceTree = "<group>"; };
/* End PBXFileReference section */

/* Begin PBXFrameworksBuildPhase section */
		56BA678D2CD5E7F800C4D42F /* Frameworks */ = {
			isa = PBXFrameworksBuildPhase;
			buildActionMask = 2147483647;
			files = (
			);
			runOnlyForDeploymentPostprocessing = 0;
		};
/* End PBXFrameworksBuildPhase section */

/* Begin PBXGroup section */
		56BA67872CD5E7F800C4D42F = {
			isa = PBXGroup;
			children = (
				56BA67922CD5E7F800C4D42F /* UIDesigns */,
				56BA67912CD5E7F800C4D42F /* Products */,
			);
			sourceTree = "<group>";
		};
		56BA67912CD5E7F800C4D42F /* Products */ = {
			isa = PBXGroup;
			children = (
				56BA67902CD5E7F800C4D42F /* UIDesigns.app */,
			);
			name = Products;
			sourceTree = "<group>";
		};
		56BA67922CD5E7F800C4D42F /* UIDesigns */ = {
			isa = PBXGroup;
			children = (
				56BA67A72CD5E87500C4D42F /* AppDelegate */,
				56BA67B22CD5F8FF00C4D42F /* Extensions */,
				56BA67AD2CD5F73100C4D42F /* Views */,
				56BA67A82CD5E91100C4D42F /* Screens */,
				56BA67972CD5E7F800C4D42F /* ViewController.swift */,
				56BA679C2CD5E7F900C4D42F /* Assets.xcassets */,
				56BA679E2CD5E7F900C4D42F /* LaunchScreen.storyboard */,
				56BA67A12CD5E7F900C4D42F /* Info.plist */,
			);
			path = UIDesigns;
			sourceTree = "<group>";
		};
		56BA67A72CD5E87500C4D42F /* AppDelegate */ = {
			isa = PBXGroup;
			children = (
				56BA67932CD5E7F800C4D42F /* AppDelegate.swift */,
				56BA67952CD5E7F800C4D42F /* SceneDelegate.swift */,
			);
			path = AppDelegate;
			sourceTree = "<group>";
		};
		56BA67A82CD5E91100C4D42F /* Screens */ = {
			isa = PBXGroup;
			children = (
				56BA67A92CD5E93500C4D42F /* DashboardForFinancial.swift */,
				56BA67AA2CD5E93500C4D42F /* DashboardForFinancial.xib */,
				56C30B982CD7110D004AC563 /* FinancialCell.swift */,
			);
			path = Screens;
			sourceTree = "<group>";
		};
		56BA67AD2CD5F73100C4D42F /* Views */ = {
			isa = PBXGroup;
			children = (
				56BA67BD2CD670DB00C4D42F /* CustomNavigationView */,
				56BA67AE2CD5F74200C4D42F /* CircularView.swift */,
				56BA67B32CD65A2B00C4D42F /* CircularButton.swift */,
				56BA67B52CD65E5400C4D42F /* BorderedButton.swift */,
				56C30B9A2CD8976C004AC563 /* CircularImageView.swift */,
				56BA67B72CD65E7B00C4D42F /* UIViewCornerRadius.swift */,
			);
			path = Views;
			sourceTree = "<group>";
		};
		56BA67B22CD5F8FF00C4D42F /* Extensions */ = {
			isa = PBXGroup;
			children = (
				56BA67B02CD5F8EE00C4D42F /* UIView+Addition.swift */,
				56BA67B92CD66BD400C4D42F /* UIViewController+Addition.swift */,
			);
			path = Extensions;
			sourceTree = "<group>";
		};
		56BA67BD2CD670DB00C4D42F /* CustomNavigationView */ = {
			isa = PBXGroup;
			children = (
				56BA67BB2CD670DB00C4D42F /* CustomNavigationView.swift */,
				56BA67BC2CD670DB00C4D42F /* CustomNavigationView.xib */,
			);
			path = CustomNavigationView;
			sourceTree = "<group>";
		};
/* End PBXGroup section */

/* Begin PBXNativeTarget section */
		56BA678F2CD5E7F800C4D42F /* UIDesigns */ = {
			isa = PBXNativeTarget;
			buildConfigurationList = 56BA67A42CD5E7F900C4D42F /* Build configuration list for PBXNativeTarget "UIDesigns" */;
			buildPhases = (
				56BA678C2CD5E7F800C4D42F /* Sources */,
				56BA678D2CD5E7F800C4D42F /* Frameworks */,
				56BA678E2CD5E7F800C4D42F /* Resources */,
			);
			buildRules = (
			);
			dependencies = (
			);
			name = UIDesigns;
			productName = UIDesigns;
			productReference = 56BA67902CD5E7F800C4D42F /* UIDesigns.app */;
			productType = "com.apple.product-type.application";
		};
/* End PBXNativeTarget section */

/* Begin PBXProject section */
		56BA67882CD5E7F800C4D42F /* Project object */ = {
			isa = PBXProject;
			attributes = {
				BuildIndependentTargetsInParallel = 1;
				LastSwiftUpdateCheck = 1530;
				LastUpgradeCheck = 1530;
				TargetAttributes = {
					56BA678F2CD5E7F800C4D42F = {
						CreatedOnToolsVersion = 15.3;
					};
				};
			};
			buildConfigurationList = 56BA678B2CD5E7F800C4D42F /* Build configuration list for PBXProject "UIDesigns" */;
			compatibilityVersion = "Xcode 14.0";
			developmentRegion = en;
			hasScannedForEncodings = 0;
			knownRegions = (
				en,
				Base,
			);
			mainGroup = 56BA67872CD5E7F800C4D42F;
			productRefGroup = 56BA67912CD5E7F800C4D42F /* Products */;
			projectDirPath = "";
			projectRoot = "";
			targets = (
				56BA678F2CD5E7F800C4D42F /* UIDesigns */,
			);
		};
/* End PBXProject section */

/* Begin PBXResourcesBuildPhase section */
		56BA678E2CD5E7F800C4D42F /* Resources */ = {
			isa = PBXResourcesBuildPhase;
			buildActionMask = 2147483647;
			files = (
				56BA679D2CD5E7F900C4D42F /* Assets.xcassets in Resources */,
				56BA67A02CD5E7F900C4D42F /* Base in Resources */,
				56BA67AC2CD5E93500C4D42F /* DashboardForFinancial.xib in Resources */,
				56BA67BF2CD670DB00C4D42F /* CustomNavigationView.xib in Resources */,
			);
			runOnlyForDeploymentPostprocessing = 0;
		};
/* End PBXResourcesBuildPhase section */

/* Begin PBXSourcesBuildPhase section */
		56BA678C2CD5E7F800C4D42F /* Sources */ = {
			isa = PBXSourcesBuildPhase;
			buildActionMask = 2147483647;
			files = (
				56BA67BA2CD66BD400C4D42F /* UIViewController+Addition.swift in Sources */,
				56BA67AF2CD5F74200C4D42F /* CircularView.swift in Sources */,
				56BA67982CD5E7F800C4D42F /* ViewController.swift in Sources */,
				56C30B992CD7110D004AC563 /* FinancialCell.swift in Sources */,
				56BA67B62CD65E5400C4D42F /* BorderedButton.swift in Sources */,
				56BA67B12CD5F8EE00C4D42F /* UIView+Addition.swift in Sources */,
				56BA67B82CD65E7B00C4D42F /* UIViewCornerRadius.swift in Sources */,
				56BA67942CD5E7F800C4D42F /* AppDelegate.swift in Sources */,
				56BA67AB2CD5E93500C4D42F /* DashboardForFinancial.swift in Sources */,
				56BA67BE2CD670DB00C4D42F /* CustomNavigationView.swift in Sources */,
				56C30B9B2CD8976C004AC563 /* CircularImageView.swift in Sources */,
				56BA67962CD5E7F800C4D42F /* SceneDelegate.swift in Sources */,
				56BA67B42CD65A2B00C4D42F /* CircularButton.swift in Sources */,
			);
			runOnlyForDeploymentPostprocessing = 0;
		};
/* End PBXSourcesBuildPhase section */

/* Begin PBXVariantGroup section */
		56BA679E2CD5E7F900C4D42F /* LaunchScreen.storyboard */ = {
			isa = PBXVariantGroup;
			children = (
				56BA679F2CD5E7F900C4D42F /* Base */,
			);
			name = LaunchScreen.storyboard;
			sourceTree = "<group>";
		};
/* End PBXVariantGroup section */

/* Begin XCBuildConfiguration section */
		56BA67A22CD5E7F900C4D42F /* Debug */ = {
			isa = XCBuildConfiguration;
			buildSettings = {
				ALWAYS_SEARCH_USER_PATHS = NO;
				ASSETCATALOG_COMPILER_GENERATE_SWIFT_ASSET_SYMBOL_EXTENSIONS = YES;
				CLANG_ANALYZER_NONNULL = YES;
				CLANG_ANALYZER_NUMBER_OBJECT_CONVERSION = YES_AGGRESSIVE;
				CLANG_CXX_LANGUAGE_STANDARD = "gnu++20";
				CLANG_ENABLE_MODULES = YES;
				CLANG_ENABLE_OBJC_ARC = YES;
				CLANG_ENABLE_OBJC_WEAK = YES;
				CLANG_WARN_BLOCK_CAPTURE_AUTORELEASING = YES;
				CLANG_WARN_BOOL_CONVERSION = YES;
				CLANG_WARN_COMMA = YES;
				CLANG_WARN_CONSTANT_CONVERSION = YES;
				CLANG_WARN_DEPRECATED_OBJC_IMPLEMENTATIONS = YES;
				CLANG_WARN_DIRECT_OBJC_ISA_USAGE = YES_ERROR;
				CLANG_WARN_DOCUMENTATION_COMMENTS = YES;
				CLANG_WARN_EMPTY_BODY = YES;
				CLANG_WARN_ENUM_CONVERSION = YES;
				CLANG_WARN_INFINITE_RECURSION = YES;
				CLANG_WARN_INT_CONVERSION = YES;
				CLANG_WARN_NON_LITERAL_NULL_CONVERSION = YES;
				CLANG_WARN_OBJC_IMPLICIT_RETAIN_SELF = YES;
				CLANG_WARN_OBJC_LITERAL_CONVERSION = YES;
				CLANG_WARN_OBJC_ROOT_CLASS = YES_ERROR;
				CLANG_WARN_QUOTED_INCLUDE_IN_FRAMEWORK_HEADER = YES;
				CLANG_WARN_RANGE_LOOP_ANALYSIS = YES;
				CLANG_WARN_STRICT_PROTOTYPES = YES;
				CLANG_WARN_SUSPICIOUS_MOVE = YES;
				CLANG_WARN_UNGUARDED_AVAILABILITY = YES_AGGRESSIVE;
				CLANG_WARN_UNREACHABLE_CODE = YES;
				CLANG_WARN__DUPLICATE_METHOD_MATCH = YES;
				COPY_PHASE_STRIP = NO;
				DEBUG_INFORMATION_FORMAT = dwarf;
				ENABLE_STRICT_OBJC_MSGSEND = YES;
				ENABLE_TESTABILITY = YES;
				ENABLE_USER_SCRIPT_SANDBOXING = YES;
				GCC_C_LANGUAGE_STANDARD = gnu17;
				GCC_DYNAMIC_NO_PIC = NO;
				GCC_NO_COMMON_BLOCKS = YES;
				GCC_OPTIMIZATION_LEVEL = 0;
				GCC_PREPROCESSOR_DEFINITIONS = (
					"DEBUG=1",
					"$(inherited)",
				);
				GCC_WARN_64_TO_32_BIT_CONVERSION = YES;
				GCC_WARN_ABOUT_RETURN_TYPE = YES_ERROR;
				GCC_WARN_UNDECLARED_SELECTOR = YES;
				GCC_WARN_UNINITIALIZED_AUTOS = YES_AGGRESSIVE;
				GCC_WARN_UNUSED_FUNCTION = YES;
				GCC_WARN_UNUSED_VARIABLE = YES;
				IPHONEOS_DEPLOYMENT_TARGET = 17.4;
				LOCALIZATION_PREFERS_STRING_CATALOGS = YES;
				MTL_ENABLE_DEBUG_INFO = INCLUDE_SOURCE;
				MTL_FAST_MATH = YES;
				ONLY_ACTIVE_ARCH = YES;
				SDKROOT = iphoneos;
				SWIFT_ACTIVE_COMPILATION_CONDITIONS = "DEBUG $(inherited)";
				SWIFT_OPTIMIZATION_LEVEL = "-Onone";
			};
			name = Debug;
		};
		56BA67A32CD5E7F900C4D42F /* Release */ = {
			isa = XCBuildConfiguration;
			buildSettings = {
				ALWAYS_SEARCH_USER_PATHS = NO;
				ASSETCATALOG_COMPILER_GENERATE_SWIFT_ASSET_SYMBOL_EXTENSIONS = YES;
				CLANG_ANALYZER_NONNULL = YES;
				CLANG_ANALYZER_NUMBER_OBJECT_CONVERSION = YES_AGGRESSIVE;
				CLANG_CXX_LANGUAGE_STANDARD = "gnu++20";
				CLANG_ENABLE_MODULES = YES;
				CLANG_ENABLE_OBJC_ARC = YES;
				CLANG_ENABLE_OBJC_WEAK = YES;
				CLANG_WARN_BLOCK_CAPTURE_AUTORELEASING = YES;
				CLANG_WARN_BOOL_CONVERSION = YES;
				CLANG_WARN_COMMA = YES;
				CLANG_WARN_CONSTANT_CONVERSION = YES;
				CLANG_WARN_DEPRECATED_OBJC_IMPLEMENTATIONS = YES;
				CLANG_WARN_DIRECT_OBJC_ISA_USAGE = YES_ERROR;
				CLANG_WARN_DOCUMENTATION_COMMENTS = YES;
				CLANG_WARN_EMPTY_BODY = YES;
				CLANG_WARN_ENUM_CONVERSION = YES;
				CLANG_WARN_INFINITE_RECURSION = YES;
				CLANG_WARN_INT_CONVERSION = YES;
				CLANG_WARN_NON_LITERAL_NULL_CONVERSION = YES;
				CLANG_WARN_OBJC_IMPLICIT_RETAIN_SELF = YES;
				CLANG_WARN_OBJC_LITERAL_CONVERSION = YES;
				CLANG_WARN_OBJC_ROOT_CLASS = YES_ERROR;
				CLANG_WARN_QUOTED_INCLUDE_IN_FRAMEWORK_HEADER = YES;
				CLANG_WARN_RANGE_LOOP_ANALYSIS = YES;
				CLANG_WARN_STRICT_PROTOTYPES = YES;
				CLANG_WARN_SUSPICIOUS_MOVE = YES;
				CLANG_WARN_UNGUARDED_AVAILABILITY = YES_AGGRESSIVE;
				CLANG_WARN_UNREACHABLE_CODE = YES;
				CLANG_WARN__DUPLICATE_METHOD_MATCH = YES;
				COPY_PHASE_STRIP = NO;
				DEBUG_INFORMATION_FORMAT = "dwarf-with-dsym";
				ENABLE_NS_ASSERTIONS = NO;
				ENABLE_STRICT_OBJC_MSGSEND = YES;
				ENABLE_USER_SCRIPT_SANDBOXING = YES;
				GCC_C_LANGUAGE_STANDARD = gnu17;
				GCC_NO_COMMON_BLOCKS = YES;
				GCC_WARN_64_TO_32_BIT_CONVERSION = YES;
				GCC_WARN_ABOUT_RETURN_TYPE = YES_ERROR;
				GCC_WARN_UNDECLARED_SELECTOR = YES;
				GCC_WARN_UNINITIALIZED_AUTOS = YES_AGGRESSIVE;
				GCC_WARN_UNUSED_FUNCTION = YES;
				GCC_WARN_UNUSED_VARIABLE = YES;
				IPHONEOS_DEPLOYMENT_TARGET = 17.4;
				LOCALIZATION_PREFERS_STRING_CATALOGS = YES;
				MTL_ENABLE_DEBUG_INFO = NO;
				MTL_FAST_MATH = YES;
				SDKROOT = iphoneos;
				SWIFT_COMPILATION_MODE = wholemodule;
				VALIDATE_PRODUCT = YES;
			};
			name = Release;
		};
		56BA67A52CD5E7F900C4D42F /* Debug */ = {
			isa = XCBuildConfiguration;
			buildSettings = {
				ASSETCATALOG_COMPILER_APPICON_NAME = AppIcon;
				ASSETCATALOG_COMPILER_GLOBAL_ACCENT_COLOR_NAME = AccentColor;
				CODE_SIGN_STYLE = Automatic;
				CURRENT_PROJECT_VERSION = 1;
				GENERATE_INFOPLIST_FILE = YES;
				INFOPLIST_FILE = UIDesigns/Info.plist;
				INFOPLIST_KEY_UIApplicationSupportsIndirectInputEvents = YES;
				INFOPLIST_KEY_UILaunchStoryboardName = LaunchScreen;
				INFOPLIST_KEY_UISupportedInterfaceOrientations_iPad = "UIInterfaceOrientationPortrait UIInterfaceOrientationPortraitUpsideDown UIInterfaceOrientationLandscapeLeft UIInterfaceOrientationLandscapeRight";
				INFOPLIST_KEY_UISupportedInterfaceOrientations_iPhone = "UIInterfaceOrientationPortrait UIInterfaceOrientationLandscapeLeft UIInterfaceOrientationLandscapeRight";
				IPHONEOS_DEPLOYMENT_TARGET = 14.0;
				LD_RUNPATH_SEARCH_PATHS = (
					"$(inherited)",
					"@executable_path/Frameworks",
				);
				MARKETING_VERSION = 1.0;
				PRODUCT_BUNDLE_IDENTIFIER = com.cwancu.UIDesigns;
				PRODUCT_NAME = "$(TARGET_NAME)";
				SUPPORTED_PLATFORMS = "iphoneos iphonesimulator";
				SUPPORTS_MACCATALYST = NO;
				SWIFT_EMIT_LOC_STRINGS = YES;
				SWIFT_VERSION = 5.0;
				TARGETED_DEVICE_FAMILY = 1;
			};
			name = Debug;
		};
		56BA67A62CD5E7F900C4D42F /* Release */ = {
			isa = XCBuildConfiguration;
			buildSettings = {
				ASSETCATALOG_COMPILER_APPICON_NAME = AppIcon;
				ASSETCATALOG_COMPILER_GLOBAL_ACCENT_COLOR_NAME = AccentColor;
				CODE_SIGN_STYLE = Automatic;
				CURRENT_PROJECT_VERSION = 1;
				GENERATE_INFOPLIST_FILE = YES;
				INFOPLIST_FILE = UIDesigns/Info.plist;
				INFOPLIST_KEY_UIApplicationSupportsIndirectInputEvents = YES;
				INFOPLIST_KEY_UILaunchStoryboardName = LaunchScreen;
				INFOPLIST_KEY_UISupportedInterfaceOrientations_iPad = "UIInterfaceOrientationPortrait UIInterfaceOrientationPortraitUpsideDown UIInterfaceOrientationLandscapeLeft UIInterfaceOrientationLandscapeRight";
				INFOPLIST_KEY_UISupportedInterfaceOrientations_iPhone = "UIInterfaceOrientationPortrait UIInterfaceOrientationLandscapeLeft UIInterfaceOrientationLandscapeRight";
				IPHONEOS_DEPLOYMENT_TARGET = 14.0;
				LD_RUNPATH_SEARCH_PATHS = (
					"$(inherited)",
					"@executable_path/Frameworks",
				);
				MARKETING_VERSION = 1.0;
				PRODUCT_BUNDLE_IDENTIFIER = com.cwancu.UIDesigns;
				PRODUCT_NAME = "$(TARGET_NAME)";
				SUPPORTED_PLATFORMS = "iphoneos iphonesimulator";
				SUPPORTS_MACCATALYST = NO;
				SWIFT_EMIT_LOC_STRINGS = YES;
				SWIFT_VERSION = 5.0;
				TARGETED_DEVICE_FAMILY = 1;
			};
			name = Release;
		};
/* End XCBuildConfiguration section */

/* Begin XCConfigurationList section */
		56BA678B2CD5E7F800C4D42F /* Build configuration list for PBXProject "UIDesigns" */ = {
			isa = XCConfigurationList;
			buildConfigurations = (
				56BA67A22CD5E7F900C4D42F /* Debug */,
				56BA67A32CD5E7F900C4D42F /* Release */,
			);
			defaultConfigurationIsVisible = 0;
			defaultConfigurationName = Release;
		};
		56BA67A42CD5E7F900C4D42F /* Build configuration list for PBXNativeTarget "UIDesigns" */ = {
			isa = XCConfigurationList;
			buildConfigurations = (
				56BA67A52CD5E7F900C4D42F /* Debug */,
				56BA67A62CD5E7F900C4D42F /* Release */,
			);
			defaultConfigurationIsVisible = 0;
			defaultConfigurationName = Release;
		};
/* End XCConfigurationList section */
	};
	rootObject = 56BA67882CD5E7F800C4D42F /* Project object */;
}
